
Microsoft Visual Studio Solution File, Format Version 12.00
# Visual Studio Version 17
VisualStudioVersion = 17.0.31903.59
MinimumVisualStudioVersion = 10.0.40219.1
Project("{FAE04EC0-301F-11D3-BF4B-00C04F79EFBC}") = "D2CS_API.Model", "D2CS_API.Model\D2CS_API.Model.csproj", "{4A418DC6-234D-4EA9-AF01-6E8CAE84A7EC}"
EndProject
Project("{FAE04EC0-301F-11D3-BF4B-00C04F79EFBC}") = "D2CS_API.WebApi", "D2CS_API.WebApi\D2CS_API.WebApi.csproj", "{215111F7-2DCA-4E4C-A3C5-AA75F41BF694}"
EndProject
Project("{FAE04EC0-301F-11D3-BF4B-00C04F79EFBC}") = "D2CS_DB.Model", "D2CS_DB.Model\D2CS_DB.Model.csproj", "{754FAC83-6139-4E32-8F9C-9CE3587EAD5D}"
EndProject
Global
	GlobalSection(SolutionConfigurationPlatforms) = preSolution
		Debug|Any CPU = Debug|Any CPU
		Release|Any CPU = Release|Any CPU
	EndGlobalSection
	GlobalSection(SolutionProperties) = preSolution
		HideSolutionNode = FALSE
	EndGlobalSection
	GlobalSection(ProjectConfigurationPlatforms) = postSolution
		{4A418DC6-234D-4EA9-AF01-6E8CAE84A7EC}.Debug|Any CPU.ActiveCfg = Debug|Any CPU
		{4A418DC6-234D-4EA9-AF01-6E8CAE84A7EC}.Debug|Any CPU.Build.0 = Debug|Any CPU
		{4A418DC6-234D-4EA9-AF01-6E8CAE84A7EC}.Release|Any CPU.ActiveCfg = Release|Any CPU
		{4A418DC6-234D-4EA9-AF01-6E8CAE84A7EC}.Release|Any CPU.Build.0 = Release|Any CPU
		{215111F7-2DCA-4E4C-A3C5-AA75F41BF694}.Debug|Any CPU.ActiveCfg = Debug|Any CPU
		{215111F7-2DCA-4E4C-A3C5-AA75F41BF694}.Debug|Any CPU.Build.0 = Debug|Any CPU
		{215111F7-2DCA-4E4C-A3C5-AA75F41BF694}.Release|Any CPU.ActiveCfg = Release|Any CPU
		{215111F7-2DCA-4E4C-A3C5-AA75F41BF694}.Release|Any CPU.Build.0 = Release|Any CPU
		{754FAC83-6139-4E32-8F9C-9CE3587EAD5D}.Debug|Any CPU.ActiveCfg = Debug|Any CPU
		{754FAC83-6139-4E32-8F9C-9CE3587EAD5D}.Debug|Any CPU.Build.0 = Debug|Any CPU
		{754FAC83-6139-4E32-8F9C-9CE3587EAD5D}.Release|Any CPU.ActiveCfg = Release|Any CPU
		{754FAC83-6139-4E32-8F9C-9CE3587EAD5D}.Release|Any CPU.Build.0 = Release|Any CPU
	EndGlobalSection
EndGlobal
